// !$*UTF8*$!
{
	archiveVersion = 1;
	classes = {
	};
	objectVersion = 46;
	objects = {

/* Begin PBXBuildFile section */
		0306825B17E4D87800AB4525 /* DataManagingClass.m in Sources */ = {isa = PBXBuildFile; fileRef = 0306825A17E4D87800AB4525 /* DataManagingClass.m */; };
		0337334017E5B26500077249 /* box.png in Resources */ = {isa = PBXBuildFile; fileRef = 0337331817E5B26500077249 /* box.png */; };
		0337334117E5B26500077249 /* box@2x.png in Resources */ = {isa = PBXBuildFile; fileRef = 0337331917E5B26500077249 /* box@2x.png */; };
		0337334217E5B26500077249 /* check.png in Resources */ = {isa = PBXBuildFile; fileRef = 0337331A17E5B26500077249 /* check.png */; };
		0337334317E5B26500077249 /* check@2x.png in Resources */ = {isa = PBXBuildFile; fileRef = 0337331B17E5B26500077249 /* check@2x.png */; };
		0337334417E5B26500077249 /* clock.png in Resources */ = {isa = PBXBuildFile; fileRef = 0337331C17E5B26500077249 /* clock.png */; };
		0337334517E5B26500077249 /* clock@2x.png in Resources */ = {isa = PBXBuildFile; fileRef = 0337331D17E5B26500077249 /* clock@2x.png */; };
		0337334617E5B26500077249 /* count.png in Resources */ = {isa = PBXBuildFile; fileRef = 0337331E17E5B26500077249 /* count.png */; };
		0337334717E5B26500077249 /* count@2x.png in Resources */ = {isa = PBXBuildFile; fileRef = 0337331F17E5B26500077249 /* count@2x.png */; };
		0337334817E5B26500077249 /* cross.png in Resources */ = {isa = PBXBuildFile; fileRef = 0337332017E5B26500077249 /* cross.png */; };
		0337334917E5B26500077249 /* cross@2x.png in Resources */ = {isa = PBXBuildFile; fileRef = 0337332117E5B26500077249 /* cross@2x.png */; };
		0337334A17E5B26500077249 /* disclosureInd@2x copy.png in Resources */ = {isa = PBXBuildFile; fileRef = 0337332217E5B26500077249 /* disclosureInd@2x copy.png */; };
		0337334B17E5B26500077249 /* disclosureInd@2x.png in Resources */ = {isa = PBXBuildFile; fileRef = 0337332317E5B26500077249 /* disclosureInd@2x.png */; };
		0337334C17E5B26500077249 /* list.png in Resources */ = {isa = PBXBuildFile; fileRef = 0337332417E5B26500077249 /* list.png */; };
		0337334D17E5B26500077249 /* list@2x.png in Resources */ = {isa = PBXBuildFile; fileRef = 0337332517E5B26500077249 /* list@2x.png */; };
		0337334E17E5B26500077249 /* mailList-568h@2x.png in Resources */ = {isa = PBXBuildFile; fileRef = 0337332617E5B26500077249 /* mailList-568h@2x.png */; };
		0337334F17E5B26500077249 /* mailList.png in Resources */ = {isa = PBXBuildFile; fileRef = 0337332717E5B26500077249 /* mailList.png */; };
		0337335017E5B26500077249 /* mailList@2x.png in Resources */ = {isa = PBXBuildFile; fileRef = 0337332817E5B26500077249 /* mailList@2x.png */; };
		0337335117E5B26500077249 /* navBar.png in Resources */ = {isa = PBXBuildFile; fileRef = 0337332917E5B26500077249 /* navBar.png */; };
		0337335217E5B26500077249 /* navBar@2x.png in Resources */ = {isa = PBXBuildFile; fileRef = 0337332A17E5B26500077249 /* navBar@2x.png */; };
		0337335317E5B26500077249 /* splash1.png in Resources */ = {isa = PBXBuildFile; fileRef = 0337332B17E5B26500077249 /* splash1.png */; };
		0337335417E5B26500077249 /* splash1@2x.png in Resources */ = {isa = PBXBuildFile; fileRef = 0337332C17E5B26500077249 /* splash1@2x.png */; };
		0337335517E5B26500077249 /* star-gold@2x.png in Resources */ = {isa = PBXBuildFile; fileRef = 0337332D17E5B26500077249 /* star-gold@2x.png */; };
		0337335617E5B26500077249 /* star-white@2x.png in Resources */ = {isa = PBXBuildFile; fileRef = 0337332E17E5B26500077249 /* star-white@2x.png */; };
		0337335717E5B26500077249 /* tre-2-act@2x.png in Resources */ = {isa = PBXBuildFile; fileRef = 0337332F17E5B26500077249 /* tre-2-act@2x.png */; };
		0337335817E5B26500077249 /* tre-act@2x.png in Resources */ = {isa = PBXBuildFile; fileRef = 0337333017E5B26500077249 /* tre-act@2x.png */; };
		0337335917E5B26500077249 /* tre-divider@2x.png in Resources */ = {isa = PBXBuildFile; fileRef = 0337333117E5B26500077249 /* tre-divider@2x.png */; };
		0337335A17E5B26500077249 /* tre-left@2x.png in Resources */ = {isa = PBXBuildFile; fileRef = 0337333217E5B26500077249 /* tre-left@2x.png */; };
		0337335B17E5B26500077249 /* tre-mb-hi@2x.png in Resources */ = {isa = PBXBuildFile; fileRef = 0337333317E5B26500077249 /* tre-mb-hi@2x.png */; };
		0337335C17E5B26500077249 /* tre-mb-norm@2x.png in Resources */ = {isa = PBXBuildFile; fileRef = 0337333417E5B26500077249 /* tre-mb-norm@2x.png */; };
		0337335D17E5B26500077249 /* tre-mb-sel@2x.png in Resources */ = {isa = PBXBuildFile; fileRef = 0337333517E5B26500077249 /* tre-mb-sel@2x.png */; };
		0337335E17E5B26500077249 /* tre-norm@2x.png in Resources */ = {isa = PBXBuildFile; fileRef = 0337333617E5B26500077249 /* tre-norm@2x.png */; };
		0337335F17E5B26500077249 /* tre-right@2x.png in Resources */ = {isa = PBXBuildFile; fileRef = 0337333717E5B26500077249 /* tre-right@2x.png */; };
		0337336017E5B26500077249 /* tre-transparent.png in Resources */ = {isa = PBXBuildFile; fileRef = 0337333817E5B26500077249 /* tre-transparent.png */; };
		0337336117E5B26500077249 /* tre-v-hi@2x.png in Resources */ = {isa = PBXBuildFile; fileRef = 0337333917E5B26500077249 /* tre-v-hi@2x.png */; };
		0337336217E5B26500077249 /* tre-v-norm@2x.png in Resources */ = {isa = PBXBuildFile; fileRef = 0337333A17E5B26500077249 /* tre-v-norm@2x.png */; };
		0337336317E5B26500077249 /* tre-v-sel@2x.png in Resources */ = {isa = PBXBuildFile; fileRef = 0337333B17E5B26500077249 /* tre-v-sel@2x.png */; };
		0337336417E5B26500077249 /* tre-x-hi@2x.png in Resources */ = {isa = PBXBuildFile; fileRef = 0337333C17E5B26500077249 /* tre-x-hi@2x.png */; };
		0337336517E5B26500077249 /* tre-x-norm@2x.png in Resources */ = {isa = PBXBuildFile; fileRef = 0337333D17E5B26500077249 /* tre-x-norm@2x.png */; };
		0337336617E5B26500077249 /* tre-x-sel@2x.png in Resources */ = {isa = PBXBuildFile; fileRef = 0337333E17E5B26500077249 /* tre-x-sel@2x.png */; };
		0337336717E5B26500077249 /* unread@2x.png in Resources */ = {isa = PBXBuildFile; fileRef = 0337333F17E5B26500077249 /* unread@2x.png */; };
		0337336A17E5B27500077249 /* ChevinCyrillic-Bold.ttf in Resources */ = {isa = PBXBuildFile; fileRef = 0337336817E5B27500077249 /* ChevinCyrillic-Bold.ttf */; };
		0337336B17E5B27500077249 /* ChevinPro-Medium.otf in Resources */ = {isa = PBXBuildFile; fileRef = 0337336917E5B27500077249 /* ChevinPro-Medium.otf */; };
		0342114417D64E7B00F7B66A /* MCSwipeTableViewCell.m in Sources */ = {isa = PBXBuildFile; fileRef = 0342114317D64E7B00F7B66A /* MCSwipeTableViewCell.m */; };
		034B526117D487C500D8C5F0 /* Foundation.framework in Frameworks */ = {isa = PBXBuildFile; fileRef = 034B526017D487C500D8C5F0 /* Foundation.framework */; };
		034B526317D487C500D8C5F0 /* CoreGraphics.framework in Frameworks */ = {isa = PBXBuildFile; fileRef = 034B526217D487C500D8C5F0 /* CoreGraphics.framework */; };
		034B526517D487C500D8C5F0 /* UIKit.framework in Frameworks */ = {isa = PBXBuildFile; fileRef = 034B526417D487C500D8C5F0 /* UIKit.framework */; };
		034B526B17D487C500D8C5F0 /* InfoPlist.strings in Resources */ = {isa = PBXBuildFile; fileRef = 034B526917D487C500D8C5F0 /* InfoPlist.strings */; };
		034B526D17D487C500D8C5F0 /* main.m in Sources */ = {isa = PBXBuildFile; fileRef = 034B526C17D487C500D8C5F0 /* main.m */; };
		034B527117D487C500D8C5F0 /* AppDelegate.m in Sources */ = {isa = PBXBuildFile; fileRef = 034B527017D487C500D8C5F0 /* AppDelegate.m */; };
		034B527A17D487C500D8C5F0 /* XCTest.framework in Frameworks */ = {isa = PBXBuildFile; fileRef = 034B527917D487C500D8C5F0 /* XCTest.framework */; };
		034B527B17D487C500D8C5F0 /* Foundation.framework in Frameworks */ = {isa = PBXBuildFile; fileRef = 034B526017D487C500D8C5F0 /* Foundation.framework */; };
		034B527C17D487C500D8C5F0 /* UIKit.framework in Frameworks */ = {isa = PBXBuildFile; fileRef = 034B526417D487C500D8C5F0 /* UIKit.framework */; };
		034B528417D487C500D8C5F0 /* InfoPlist.strings in Resources */ = {isa = PBXBuildFile; fileRef = 034B528217D487C500D8C5F0 /* InfoPlist.strings */; };
		034B529317D4885200D8C5F0 /* FirstViewController.m in Sources */ = {isa = PBXBuildFile; fileRef = 034B529217D4885200D8C5F0 /* FirstViewController.m */; };
		0386DAA517D629A400B5C305 /* Default-568h@2x.png in Resources */ = {isa = PBXBuildFile; fileRef = 0386DAA417D629A400B5C305 /* Default-568h@2x.png */; };
		03968C6217D71A1C006AEB05 /* Default.png in Resources */ = {isa = PBXBuildFile; fileRef = 03968C6117D71A1C006AEB05 /* Default.png */; };
		03968C6817D731B4006AEB05 /* Default@2x.png in Resources */ = {isa = PBXBuildFile; fileRef = 03968C6717D731B4006AEB05 /* Default@2x.png */; };
		03968C6E17D73CFE006AEB05 /* app-icon-114.png in Resources */ = {isa = PBXBuildFile; fileRef = 03968C6D17D73CFE006AEB05 /* app-icon-114.png */; };
		03968C7017D73D01006AEB05 /* app-icon-57.png in Resources */ = {isa = PBXBuildFile; fileRef = 03968C6F17D73D01006AEB05 /* app-icon-57.png */; };
/* End PBXBuildFile section */

/* Begin PBXContainerItemProxy section */
		034B527D17D487C500D8C5F0 /* PBXContainerItemProxy */ = {
			isa = PBXContainerItemProxy;
			containerPortal = 034B525517D487C500D8C5F0 /* Project object */;
			proxyType = 1;
			remoteGlobalIDString = 034B525C17D487C500D8C5F0;
			remoteInfo = "rb-mb-feed";
		};
/* End PBXContainerItemProxy section */

/* Begin PBXFileReference section */
		0306825917E4D87700AB4525 /* DataManagingClass.h */ = {isa = PBXFileReference; fileEncoding = 4; lastKnownFileType = sourcecode.c.h; path = DataManagingClass.h; sourceTree = "<group>"; };
		0306825A17E4D87800AB4525 /* DataManagingClass.m */ = {isa = PBXFileReference; fileEncoding = 4; lastKnownFileType = sourcecode.c.objc; path = DataManagingClass.m; sourceTree = "<group>"; };
		0337331817E5B26500077249 /* box.png */ = {isa = PBXFileReference; lastKnownFileType = image.png; name = box.png; path = images/box.png; sourceTree = "<group>"; };
		0337331917E5B26500077249 /* box@2x.png */ = {isa = PBXFileReference; lastKnownFileType = image.png; name = "box@2x.png"; path = "images/box@2x.png"; sourceTree = "<group>"; };
		0337331A17E5B26500077249 /* check.png */ = {isa = PBXFileReference; lastKnownFileType = image.png; name = check.png; path = images/check.png; sourceTree = "<group>"; };
		0337331B17E5B26500077249 /* check@2x.png */ = {isa = PBXFileReference; lastKnownFileType = image.png; name = "check@2x.png"; path = "images/check@2x.png"; sourceTree = "<group>"; };
		0337331C17E5B26500077249 /* clock.png */ = {isa = PBXFileReference; lastKnownFileType = image.png; name = clock.png; path = images/clock.png; sourceTree = "<group>"; };
		0337331D17E5B26500077249 /* clock@2x.png */ = {isa = PBXFileReference; lastKnownFileType = image.png; name = "clock@2x.png"; path = "images/clock@2x.png"; sourceTree = "<group>"; };
		0337331E17E5B26500077249 /* count.png */ = {isa = PBXFileReference; lastKnownFileType = image.png; name = count.png; path = images/count.png; sourceTree = "<group>"; };
		0337331F17E5B26500077249 /* count@2x.png */ = {isa = PBXFileReference; lastKnownFileType = image.png; name = "count@2x.png"; path = "images/count@2x.png"; sourceTree = "<group>"; };
		0337332017E5B26500077249 /* cross.png */ = {isa = PBXFileReference; lastKnownFileType = image.png; name = cross.png; path = images/cross.png; sourceTree = "<group>"; };
		0337332117E5B26500077249 /* cross@2x.png */ = {isa = PBXFileReference; lastKnownFileType = image.png; name = "cross@2x.png"; path = "images/cross@2x.png"; sourceTree = "<group>"; };
		0337332217E5B26500077249 /* disclosureInd@2x copy.png */ = {isa = PBXFileReference; lastKnownFileType = image.png; name = "disclosureInd@2x copy.png"; path = "images/disclosureInd@2x copy.png"; sourceTree = "<group>"; };
		0337332317E5B26500077249 /* disclosureInd@2x.png */ = {isa = PBXFileReference; lastKnownFileType = image.png; name = "disclosureInd@2x.png"; path = "images/disclosureInd@2x.png"; sourceTree = "<group>"; };
		0337332417E5B26500077249 /* list.png */ = {isa = PBXFileReference; lastKnownFileType = image.png; name = list.png; path = images/list.png; sourceTree = "<group>"; };
		0337332517E5B26500077249 /* list@2x.png */ = {isa = PBXFileReference; lastKnownFileType = image.png; name = "list@2x.png"; path = "images/list@2x.png"; sourceTree = "<group>"; };
		0337332617E5B26500077249 /* mailList-568h@2x.png */ = {isa = PBXFileReference; lastKnownFileType = image.png; name = "mailList-568h@2x.png"; path = "images/mailList-568h@2x.png"; sourceTree = "<group>"; };
		0337332717E5B26500077249 /* mailList.png */ = {isa = PBXFileReference; lastKnownFileType = image.png; name = mailList.png; path = images/mailList.png; sourceTree = "<group>"; };
		0337332817E5B26500077249 /* mailList@2x.png */ = {isa = PBXFileReference; lastKnownFileType = image.png; name = "mailList@2x.png"; path = "images/mailList@2x.png"; sourceTree = "<group>"; };
		0337332917E5B26500077249 /* navBar.png */ = {isa = PBXFileReference; lastKnownFileType = image.png; name = navBar.png; path = images/navBar.png; sourceTree = "<group>"; };
		0337332A17E5B26500077249 /* navBar@2x.png */ = {isa = PBXFileReference; lastKnownFileType = image.png; name = "navBar@2x.png"; path = "images/navBar@2x.png"; sourceTree = "<group>"; };
		0337332B17E5B26500077249 /* splash1.png */ = {isa = PBXFileReference; lastKnownFileType = image.png; name = splash1.png; path = images/splash1.png; sourceTree = "<group>"; };
		0337332C17E5B26500077249 /* splash1@2x.png */ = {isa = PBXFileReference; lastKnownFileType = image.png; name = "splash1@2x.png"; path = "images/splash1@2x.png"; sourceTree = "<group>"; };
		0337332D17E5B26500077249 /* star-gold@2x.png */ = {isa = PBXFileReference; lastKnownFileType = image.png; name = "star-gold@2x.png"; path = "images/star-gold@2x.png"; sourceTree = "<group>"; };
		0337332E17E5B26500077249 /* star-white@2x.png */ = {isa = PBXFileReference; lastKnownFileType = image.png; name = "star-white@2x.png"; path = "images/star-white@2x.png"; sourceTree = "<group>"; };
		0337332F17E5B26500077249 /* tre-2-act@2x.png */ = {isa = PBXFileReference; lastKnownFileType = image.png; name = "tre-2-act@2x.png"; path = "images/tre-2-act@2x.png"; sourceTree = "<group>"; };
		0337333017E5B26500077249 /* tre-act@2x.png */ = {isa = PBXFileReference; lastKnownFileType = image.png; name = "tre-act@2x.png"; path = "images/tre-act@2x.png"; sourceTree = "<group>"; };
		0337333117E5B26500077249 /* tre-divider@2x.png */ = {isa = PBXFileReference; lastKnownFileType = image.png; name = "tre-divider@2x.png"; path = "images/tre-divider@2x.png"; sourceTree = "<group>"; };
		0337333217E5B26500077249 /* tre-left@2x.png */ = {isa = PBXFileReference; lastKnownFileType = image.png; name = "tre-left@2x.png"; path = "images/tre-left@2x.png"; sourceTree = "<group>"; };
		0337333317E5B26500077249 /* tre-mb-hi@2x.png */ = {isa = PBXFileReference; lastKnownFileType = image.png; name = "tre-mb-hi@2x.png"; path = "images/tre-mb-hi@2x.png"; sourceTree = "<group>"; };
		0337333417E5B26500077249 /* tre-mb-norm@2x.png */ = {isa = PBXFileReference; lastKnownFileType = image.png; name = "tre-mb-norm@2x.png"; path = "images/tre-mb-norm@2x.png"; sourceTree = "<group>"; };
		0337333517E5B26500077249 /* tre-mb-sel@2x.png */ = {isa = PBXFileReference; lastKnownFileType = image.png; name = "tre-mb-sel@2x.png"; path = "images/tre-mb-sel@2x.png"; sourceTree = "<group>"; };
		0337333617E5B26500077249 /* tre-norm@2x.png */ = {isa = PBXFileReference; lastKnownFileType = image.png; name = "tre-norm@2x.png"; path = "images/tre-norm@2x.png"; sourceTree = "<group>"; };
		0337333717E5B26500077249 /* tre-right@2x.png */ = {isa = PBXFileReference; lastKnownFileType = image.png; name = "tre-right@2x.png"; path = "images/tre-right@2x.png"; sourceTree = "<group>"; };
		0337333817E5B26500077249 /* tre-transparent.png */ = {isa = PBXFileReference; lastKnownFileType = image.png; name = "tre-transparent.png"; path = "images/tre-transparent.png"; sourceTree = "<group>"; };
		0337333917E5B26500077249 /* tre-v-hi@2x.png */ = {isa = PBXFileReference; lastKnownFileType = image.png; name = "tre-v-hi@2x.png"; path = "images/tre-v-hi@2x.png"; sourceTree = "<group>"; };
		0337333A17E5B26500077249 /* tre-v-norm@2x.png */ = {isa = PBXFileReference; lastKnownFileType = image.png; name = "tre-v-norm@2x.png"; path = "images/tre-v-norm@2x.png"; sourceTree = "<group>"; };
		0337333B17E5B26500077249 /* tre-v-sel@2x.png */ = {isa = PBXFileReference; lastKnownFileType = image.png; name = "tre-v-sel@2x.png"; path = "images/tre-v-sel@2x.png"; sourceTree = "<group>"; };
		0337333C17E5B26500077249 /* tre-x-hi@2x.png */ = {isa = PBXFileReference; lastKnownFileType = image.png; name = "tre-x-hi@2x.png"; path = "images/tre-x-hi@2x.png"; sourceTree = "<group>"; };
		0337333D17E5B26500077249 /* tre-x-norm@2x.png */ = {isa = PBXFileReference; lastKnownFileType = image.png; name = "tre-x-norm@2x.png"; path = "images/tre-x-norm@2x.png"; sourceTree = "<group>"; };
		0337333E17E5B26500077249 /* tre-x-sel@2x.png */ = {isa = PBXFileReference; lastKnownFileType = image.png; name = "tre-x-sel@2x.png"; path = "images/tre-x-sel@2x.png"; sourceTree = "<group>"; };
		0337333F17E5B26500077249 /* unread@2x.png */ = {isa = PBXFileReference; lastKnownFileType = image.png; name = "unread@2x.png"; path = "images/unread@2x.png"; sourceTree = "<group>"; };
		0337336817E5B27500077249 /* ChevinCyrillic-Bold.ttf */ = {isa = PBXFileReference; lastKnownFileType = file; name = "ChevinCyrillic-Bold.ttf"; path = "rb-mb-feed/fonts/ChevinCyrillic-Bold.ttf"; sourceTree = "<group>"; };
		0337336917E5B27500077249 /* ChevinPro-Medium.otf */ = {isa = PBXFileReference; lastKnownFileType = file; name = "ChevinPro-Medium.otf"; path = "rb-mb-feed/fonts/ChevinPro-Medium.otf"; sourceTree = "<group>"; };
		0337336C17E5B28B00077249 /* GUIConsts.h */ = {isa = PBXFileReference; fileEncoding = 4; lastKnownFileType = sourcecode.c.h; path = GUIConsts.h; sourceTree = "<group>"; };
		0342114217D64E7B00F7B66A /* MCSwipeTableViewCell.h */ = {isa = PBXFileReference; fileEncoding = 4; lastKnownFileType = sourcecode.c.h; path = MCSwipeTableViewCell.h; sourceTree = "<group>"; };
		0342114317D64E7B00F7B66A /* MCSwipeTableViewCell.m */ = {isa = PBXFileReference; fileEncoding = 4; lastKnownFileType = sourcecode.c.objc; path = MCSwipeTableViewCell.m; sourceTree = "<group>"; };
		034B525D17D487C500D8C5F0 /* rb-mb-feed.app */ = {isa = PBXFileReference; explicitFileType = wrapper.application; includeInIndex = 0; path = "rb-mb-feed.app"; sourceTree = BUILT_PRODUCTS_DIR; };
		034B526017D487C500D8C5F0 /* Foundation.framework */ = {isa = PBXFileReference; lastKnownFileType = wrapper.framework; name = Foundation.framework; path = System/Library/Frameworks/Foundation.framework; sourceTree = SDKROOT; };
		034B526217D487C500D8C5F0 /* CoreGraphics.framework */ = {isa = PBXFileReference; lastKnownFileType = wrapper.framework; name = CoreGraphics.framework; path = System/Library/Frameworks/CoreGraphics.framework; sourceTree = SDKROOT; };
		034B526417D487C500D8C5F0 /* UIKit.framework */ = {isa = PBXFileReference; lastKnownFileType = wrapper.framework; name = UIKit.framework; path = System/Library/Frameworks/UIKit.framework; sourceTree = SDKROOT; };
		034B526817D487C500D8C5F0 /* rb-mb-feed-Info.plist */ = {isa = PBXFileReference; lastKnownFileType = text.plist.xml; path = "rb-mb-feed-Info.plist"; sourceTree = "<group>"; };
		034B526A17D487C500D8C5F0 /* en */ = {isa = PBXFileReference; lastKnownFileType = text.plist.strings; name = en; path = en.lproj/InfoPlist.strings; sourceTree = "<group>"; };
		034B526C17D487C500D8C5F0 /* main.m */ = {isa = PBXFileReference; lastKnownFileType = sourcecode.c.objc; path = main.m; sourceTree = "<group>"; };
		034B526E17D487C500D8C5F0 /* rb-mb-feed-Prefix.pch */ = {isa = PBXFileReference; lastKnownFileType = sourcecode.c.h; path = "rb-mb-feed-Prefix.pch"; sourceTree = "<group>"; };
		034B526F17D487C500D8C5F0 /* AppDelegate.h */ = {isa = PBXFileReference; lastKnownFileType = sourcecode.c.h; path = AppDelegate.h; sourceTree = "<group>"; };
		034B527017D487C500D8C5F0 /* AppDelegate.m */ = {isa = PBXFileReference; lastKnownFileType = sourcecode.c.objc; path = AppDelegate.m; sourceTree = "<group>"; };
		034B527817D487C500D8C5F0 /* rb-mb-feedTests.xctest */ = {isa = PBXFileReference; explicitFileType = wrapper.cfbundle; includeInIndex = 0; path = "rb-mb-feedTests.xctest"; sourceTree = BUILT_PRODUCTS_DIR; };
		034B527917D487C500D8C5F0 /* XCTest.framework */ = {isa = PBXFileReference; lastKnownFileType = wrapper.framework; name = XCTest.framework; path = Library/Frameworks/XCTest.framework; sourceTree = DEVELOPER_DIR; };
		034B528117D487C500D8C5F0 /* rb-mb-feedTests-Info.plist */ = {isa = PBXFileReference; lastKnownFileType = text.plist.xml; path = "rb-mb-feedTests-Info.plist"; sourceTree = "<group>"; };
		034B528317D487C500D8C5F0 /* en */ = {isa = PBXFileReference; lastKnownFileType = text.plist.strings; name = en; path = en.lproj/InfoPlist.strings; sourceTree = "<group>"; };
		034B528517D487C500D8C5F0 /* rb_mb_feedTests.m */ = {isa = PBXFileReference; lastKnownFileType = sourcecode.c.objc; path = rb_mb_feedTests.m; sourceTree = "<group>"; };
		034B529117D4885200D8C5F0 /* FirstViewController.h */ = {isa = PBXFileReference; fileEncoding = 4; lastKnownFileType = sourcecode.c.h; path = FirstViewController.h; sourceTree = "<group>"; };
		034B529217D4885200D8C5F0 /* FirstViewController.m */ = {isa = PBXFileReference; fileEncoding = 4; lastKnownFileType = sourcecode.c.objc; path = FirstViewController.m; sourceTree = "<group>"; };
		0386DAA417D629A400B5C305 /* Default-568h@2x.png */ = {isa = PBXFileReference; lastKnownFileType = image.png; name = "Default-568h@2x.png"; path = "../Default-568h@2x.png"; sourceTree = "<group>"; };
		03968C6117D71A1C006AEB05 /* Default.png */ = {isa = PBXFileReference; lastKnownFileType = image.png; name = Default.png; path = ../Default.png; sourceTree = "<group>"; };
		03968C6717D731B4006AEB05 /* Default@2x.png */ = {isa = PBXFileReference; lastKnownFileType = image.png; name = "Default@2x.png"; path = "../Default@2x.png"; sourceTree = "<group>"; };
		03968C6D17D73CFE006AEB05 /* app-icon-114.png */ = {isa = PBXFileReference; lastKnownFileType = image.png; name = "app-icon-114.png"; path = "../app-icon-114.png"; sourceTree = "<group>"; };
		03968C6F17D73D01006AEB05 /* app-icon-57.png */ = {isa = PBXFileReference; lastKnownFileType = image.png; name = "app-icon-57.png"; path = "../app-icon-57.png"; sourceTree = "<group>"; };
/* End PBXFileReference section */

/* Begin PBXFrameworksBuildPhase section */
		034B525A17D487C500D8C5F0 /* Frameworks */ = {
			isa = PBXFrameworksBuildPhase;
			buildActionMask = 2147483647;
			files = (
				034B526317D487C500D8C5F0 /* CoreGraphics.framework in Frameworks */,
				034B526517D487C500D8C5F0 /* UIKit.framework in Frameworks */,
				034B526117D487C500D8C5F0 /* Foundation.framework in Frameworks */,
			);
			runOnlyForDeploymentPostprocessing = 0;
		};
		034B527517D487C500D8C5F0 /* Frameworks */ = {
			isa = PBXFrameworksBuildPhase;
			buildActionMask = 2147483647;
			files = (
				034B527A17D487C500D8C5F0 /* XCTest.framework in Frameworks */,
				034B527C17D487C500D8C5F0 /* UIKit.framework in Frameworks */,
				034B527B17D487C500D8C5F0 /* Foundation.framework in Frameworks */,
			);
			runOnlyForDeploymentPostprocessing = 0;
		};
/* End PBXFrameworksBuildPhase section */

/* Begin PBXGroup section */
		034B525417D487C500D8C5F0 = {
			isa = PBXGroup;
			children = (
				034B526617D487C500D8C5F0 /* rb-mb-feed */,
				034B527F17D487C500D8C5F0 /* rb-mb-feedTests */,
				034B525F17D487C500D8C5F0 /* Frameworks */,
				034B525E17D487C500D8C5F0 /* Products */,
			);
			sourceTree = "<group>";
		};
		034B525E17D487C500D8C5F0 /* Products */ = {
			isa = PBXGroup;
			children = (
				034B525D17D487C500D8C5F0 /* rb-mb-feed.app */,
				034B527817D487C500D8C5F0 /* rb-mb-feedTests.xctest */,
			);
			name = Products;
			sourceTree = "<group>";
		};
		034B525F17D487C500D8C5F0 /* Frameworks */ = {
			isa = PBXGroup;
			children = (
				034B526017D487C500D8C5F0 /* Foundation.framework */,
				034B526217D487C500D8C5F0 /* CoreGraphics.framework */,
				034B526417D487C500D8C5F0 /* UIKit.framework */,
				034B527917D487C500D8C5F0 /* XCTest.framework */,
			);
			name = Frameworks;
			sourceTree = "<group>";
		};
		034B526617D487C500D8C5F0 /* rb-mb-feed */ = {
			isa = PBXGroup;
			children = (
				034B526F17D487C500D8C5F0 /* AppDelegate.h */,
				034B527017D487C500D8C5F0 /* AppDelegate.m */,
				034B529117D4885200D8C5F0 /* FirstViewController.h */,
				034B529217D4885200D8C5F0 /* FirstViewController.m */,
				0337336C17E5B28B00077249 /* GUIConsts.h */,
				0306825917E4D87700AB4525 /* DataManagingClass.h */,
				0306825A17E4D87800AB4525 /* DataManagingClass.m */,
				0342114217D64E7B00F7B66A /* MCSwipeTableViewCell.h */,
				0342114317D64E7B00F7B66A /* MCSwipeTableViewCell.m */,
				0386DAA817D62A9C00B5C305 /* Images Res */,
				034B529F17D495D600D8C5F0 /* Fonts Res */,
				034B526717D487C500D8C5F0 /* Supporting Files */,
			);
			path = "rb-mb-feed";
			sourceTree = "<group>";
		};
		034B526717D487C500D8C5F0 /* Supporting Files */ = {
			isa = PBXGroup;
			children = (
				034B526817D487C500D8C5F0 /* rb-mb-feed-Info.plist */,
				034B526917D487C500D8C5F0 /* InfoPlist.strings */,
				034B526C17D487C500D8C5F0 /* main.m */,
				034B526E17D487C500D8C5F0 /* rb-mb-feed-Prefix.pch */,
			);
			name = "Supporting Files";
			sourceTree = "<group>";
		};
		034B527F17D487C500D8C5F0 /* rb-mb-feedTests */ = {
			isa = PBXGroup;
			children = (
				034B528517D487C500D8C5F0 /* rb_mb_feedTests.m */,
				034B528017D487C500D8C5F0 /* Supporting Files */,
			);
			path = "rb-mb-feedTests";
			sourceTree = "<group>";
		};
		034B528017D487C500D8C5F0 /* Supporting Files */ = {
			isa = PBXGroup;
			children = (
				034B528117D487C500D8C5F0 /* rb-mb-feedTests-Info.plist */,
				034B528217D487C500D8C5F0 /* InfoPlist.strings */,
			);
			name = "Supporting Files";
			sourceTree = "<group>";
		};
		034B529F17D495D600D8C5F0 /* Fonts Res */ = {
			isa = PBXGroup;
			children = (
				0337336817E5B27500077249 /* ChevinCyrillic-Bold.ttf */,
				0337336917E5B27500077249 /* ChevinPro-Medium.otf */,
			);
			name = "Fonts Res";
			path = ..;
			sourceTree = "<group>";
		};
		0386DAA817D62A9C00B5C305 /* Images Res */ = {
			isa = PBXGroup;
			children = (
				03968C6F17D73D01006AEB05 /* app-icon-57.png */,
				03968C6D17D73CFE006AEB05 /* app-icon-114.png */,
				03968C6117D71A1C006AEB05 /* Default.png */,
				03968C6717D731B4006AEB05 /* Default@2x.png */,
				0386DAA417D629A400B5C305 /* Default-568h@2x.png */,
				0337331817E5B26500077249 /* box.png */,
				0337331917E5B26500077249 /* box@2x.png */,
				0337331A17E5B26500077249 /* check.png */,
				0337331B17E5B26500077249 /* check@2x.png */,
				0337331C17E5B26500077249 /* clock.png */,
				0337331D17E5B26500077249 /* clock@2x.png */,
				0337331E17E5B26500077249 /* count.png */,
				0337331F17E5B26500077249 /* count@2x.png */,
				0337332017E5B26500077249 /* cross.png */,
				0337332117E5B26500077249 /* cross@2x.png */,
				0337332217E5B26500077249 /* disclosureInd@2x copy.png */,
				0337332317E5B26500077249 /* disclosureInd@2x.png */,
				0337332417E5B26500077249 /* list.png */,
				0337332517E5B26500077249 /* list@2x.png */,
				0337332617E5B26500077249 /* mailList-568h@2x.png */,
				0337332717E5B26500077249 /* mailList.png */,
				0337332817E5B26500077249 /* mailList@2x.png */,
				0337332917E5B26500077249 /* navBar.png */,
				0337332A17E5B26500077249 /* navBar@2x.png */,
				0337332B17E5B26500077249 /* splash1.png */,
				0337332C17E5B26500077249 /* splash1@2x.png */,
				0337332D17E5B26500077249 /* star-gold@2x.png */,
				0337332E17E5B26500077249 /* star-white@2x.png */,
				0337332F17E5B26500077249 /* tre-2-act@2x.png */,
				0337333017E5B26500077249 /* tre-act@2x.png */,
				0337333117E5B26500077249 /* tre-divider@2x.png */,
				0337333217E5B26500077249 /* tre-left@2x.png */,
				0337333317E5B26500077249 /* tre-mb-hi@2x.png */,
				0337333417E5B26500077249 /* tre-mb-norm@2x.png */,
				0337333517E5B26500077249 /* tre-mb-sel@2x.png */,
				0337333617E5B26500077249 /* tre-norm@2x.png */,
				0337333717E5B26500077249 /* tre-right@2x.png */,
				0337333817E5B26500077249 /* tre-transparent.png */,
				0337333917E5B26500077249 /* tre-v-hi@2x.png */,
				0337333A17E5B26500077249 /* tre-v-norm@2x.png */,
				0337333B17E5B26500077249 /* tre-v-sel@2x.png */,
				0337333C17E5B26500077249 /* tre-x-hi@2x.png */,
				0337333D17E5B26500077249 /* tre-x-norm@2x.png */,
				0337333E17E5B26500077249 /* tre-x-sel@2x.png */,
				0337333F17E5B26500077249 /* unread@2x.png */,
			);
			name = "Images Res";
			sourceTree = "<group>";
		};
/* End PBXGroup section */

/* Begin PBXNativeTarget section */
		034B525C17D487C500D8C5F0 /* rb-mb-feed */ = {
			isa = PBXNativeTarget;
			buildConfigurationList = 034B528917D487C500D8C5F0 /* Build configuration list for PBXNativeTarget "rb-mb-feed" */;
			buildPhases = (
				034B525917D487C500D8C5F0 /* Sources */,
				034B525A17D487C500D8C5F0 /* Frameworks */,
				034B525B17D487C500D8C5F0 /* Resources */,
			);
			buildRules = (
			);
			dependencies = (
			);
			name = "rb-mb-feed";
			productName = "rb-mb-feed";
			productReference = 034B525D17D487C500D8C5F0 /* rb-mb-feed.app */;
			productType = "com.apple.product-type.application";
		};
		034B527717D487C500D8C5F0 /* rb-mb-feedTests */ = {
			isa = PBXNativeTarget;
			buildConfigurationList = 034B528C17D487C500D8C5F0 /* Build configuration list for PBXNativeTarget "rb-mb-feedTests" */;
			buildPhases = (
				034B527417D487C500D8C5F0 /* Sources */,
				034B527517D487C500D8C5F0 /* Frameworks */,
				034B527617D487C500D8C5F0 /* Resources */,
			);
			buildRules = (
			);
			dependencies = (
				034B527E17D487C500D8C5F0 /* PBXTargetDependency */,
			);
			name = "rb-mb-feedTests";
			productName = "rb-mb-feedTests";
			productReference = 034B527817D487C500D8C5F0 /* rb-mb-feedTests.xctest */;
			productType = "com.apple.product-type.bundle.unit-test";
		};
/* End PBXNativeTarget section */

/* Begin PBXProject section */
		034B525517D487C500D8C5F0 /* Project object */ = {
			isa = PBXProject;
			attributes = {
				LastUpgradeCheck = 0500;
				ORGANIZATIONNAME = "Marat Saytakov";
				TargetAttributes = {
					034B527717D487C500D8C5F0 = {
						TestTargetID = 034B525C17D487C500D8C5F0;
					};
				};
			};
			buildConfigurationList = 034B525817D487C500D8C5F0 /* Build configuration list for PBXProject "rb-mb-feed" */;
			compatibilityVersion = "Xcode 3.2";
			developmentRegion = English;
			hasScannedForEncodings = 0;
			knownRegions = (
				en,
			);
			mainGroup = 034B525417D487C500D8C5F0;
			productRefGroup = 034B525E17D487C500D8C5F0 /* Products */;
			projectDirPath = "";
			projectRoot = "";
			targets = (
				034B525C17D487C500D8C5F0 /* rb-mb-feed */,
				034B527717D487C500D8C5F0 /* rb-mb-feedTests */,
			);
		};
/* End PBXProject section */

/* Begin PBXResourcesBuildPhase section */
		034B525B17D487C500D8C5F0 /* Resources */ = {
			isa = PBXResourcesBuildPhase;
			buildActionMask = 2147483647;
			files = (
				034B526B17D487C500D8C5F0 /* InfoPlist.strings in Resources */,
				0386DAA517D629A400B5C305 /* Default-568h@2x.png in Resources */,
				03968C6217D71A1C006AEB05 /* Default.png in Resources */,
				03968C6817D731B4006AEB05 /* Default@2x.png in Resources */,
				03968C6E17D73CFE006AEB05 /* app-icon-114.png in Resources */,
				03968C7017D73D01006AEB05 /* app-icon-57.png in Resources */,
				0337334017E5B26500077249 /* box.png in Resources */,
				0337334117E5B26500077249 /* box@2x.png in Resources */,
				0337334217E5B26500077249 /* check.png in Resources */,
				0337334317E5B26500077249 /* check@2x.png in Resources */,
				0337334417E5B26500077249 /* clock.png in Resources */,
				0337334517E5B26500077249 /* clock@2x.png in Resources */,
				0337334617E5B26500077249 /* count.png in Resources */,
				0337334717E5B26500077249 /* count@2x.png in Resources */,
				0337334817E5B26500077249 /* cross.png in Resources */,
				0337334917E5B26500077249 /* cross@2x.png in Resources */,
				0337334A17E5B26500077249 /* disclosureInd@2x copy.png in Resources */,
				0337334B17E5B26500077249 /* disclosureInd@2x.png in Resources */,
				0337334C17E5B26500077249 /* list.png in Resources */,
				0337334D17E5B26500077249 /* list@2x.png in Resources */,
				0337334E17E5B26500077249 /* mailList-568h@2x.png in Resources */,
				0337334F17E5B26500077249 /* mailList.png in Resources */,
				0337335017E5B26500077249 /* mailList@2x.png in Resources */,
				0337335117E5B26500077249 /* navBar.png in Resources */,
				0337335217E5B26500077249 /* navBar@2x.png in Resources */,
				0337335317E5B26500077249 /* splash1.png in Resources */,
				0337335417E5B26500077249 /* splash1@2x.png in Resources */,
				0337335517E5B26500077249 /* star-gold@2x.png in Resources */,
				0337335617E5B26500077249 /* star-white@2x.png in Resources */,
				0337335717E5B26500077249 /* tre-2-act@2x.png in Resources */,
				0337335817E5B26500077249 /* tre-act@2x.png in Resources */,
				0337335917E5B26500077249 /* tre-divider@2x.png in Resources */,
				0337335A17E5B26500077249 /* tre-left@2x.png in Resources */,
				0337335B17E5B26500077249 /* tre-mb-hi@2x.png in Resources */,
				0337335C17E5B26500077249 /* tre-mb-norm@2x.png in Resources */,
				0337335D17E5B26500077249 /* tre-mb-sel@2x.png in Resources */,
				0337335E17E5B26500077249 /* tre-norm@2x.png in Resources */,
				0337335F17E5B26500077249 /* tre-right@2x.png in Resources */,
				0337336017E5B26500077249 /* tre-transparent.png in Resources */,
				0337336117E5B26500077249 /* tre-v-hi@2x.png in Resources */,
				0337336217E5B26500077249 /* tre-v-norm@2x.png in Resources */,
				0337336317E5B26500077249 /* tre-v-sel@2x.png in Resources */,
				0337336417E5B26500077249 /* tre-x-hi@2x.png in Resources */,
				0337336517E5B26500077249 /* tre-x-norm@2x.png in Resources */,
				0337336617E5B26500077249 /* tre-x-sel@2x.png in Resources */,
				0337336717E5B26500077249 /* unread@2x.png in Resources */,
				0337336A17E5B27500077249 /* ChevinCyrillic-Bold.ttf in Resources */,
				0337336B17E5B27500077249 /* ChevinPro-Medium.otf in Resources */,
			);
			runOnlyForDeploymentPostprocessing = 0;
		};
		034B527617D487C500D8C5F0 /* Resources */ = {
			isa = PBXResourcesBuildPhase;
			buildActionMask = 2147483647;
			files = (
				034B528417D487C500D8C5F0 /* InfoPlist.strings in Resources */,
			);
			runOnlyForDeploymentPostprocessing = 0;
		};
/* End PBXResourcesBuildPhase section */

/* Begin PBXSourcesBuildPhase section */
		034B525917D487C500D8C5F0 /* Sources */ = {
			isa = PBXSourcesBuildPhase;
			buildActionMask = 2147483647;
			files = (
				034B527117D487C500D8C5F0 /* AppDelegate.m in Sources */,
				034B529317D4885200D8C5F0 /* FirstViewController.m in Sources */,
				034B526D17D487C500D8C5F0 /* main.m in Sources */,
				0342114417D64E7B00F7B66A /* MCSwipeTableViewCell.m in Sources */,
				0306825B17E4D87800AB4525 /* DataManagingClass.m in Sources */,
			);
			runOnlyForDeploymentPostprocessing = 0;
		};
		034B527417D487C500D8C5F0 /* Sources */ = {
			isa = PBXSourcesBuildPhase;
			buildActionMask = 2147483647;
			files = (
			);
			runOnlyForDeploymentPostprocessing = 0;
		};
/* End PBXSourcesBuildPhase section */

/* Begin PBXTargetDependency section */
		034B527E17D487C500D8C5F0 /* PBXTargetDependency */ = {
			isa = PBXTargetDependency;
			target = 034B525C17D487C500D8C5F0 /* rb-mb-feed */;
			targetProxy = 034B527D17D487C500D8C5F0 /* PBXContainerItemProxy */;
		};
/* End PBXTargetDependency section */

/* Begin PBXVariantGroup section */
		034B526917D487C500D8C5F0 /* InfoPlist.strings */ = {
			isa = PBXVariantGroup;
			children = (
				034B526A17D487C500D8C5F0 /* en */,
			);
			name = InfoPlist.strings;
			sourceTree = "<group>";
		};
		034B528217D487C500D8C5F0 /* InfoPlist.strings */ = {
			isa = PBXVariantGroup;
			children = (
				034B528317D487C500D8C5F0 /* en */,
			);
			name = InfoPlist.strings;
			sourceTree = "<group>";
		};
/* End PBXVariantGroup section */

/* Begin XCBuildConfiguration section */
		034B528717D487C500D8C5F0 /* Debug */ = {
			isa = XCBuildConfiguration;
			buildSettings = {
				ALWAYS_SEARCH_USER_PATHS = NO;
				CLANG_CXX_LANGUAGE_STANDARD = "gnu++0x";
				CLANG_CXX_LIBRARY = "libc++";
				CLANG_ENABLE_MODULES = YES;
				CLANG_ENABLE_OBJC_ARC = YES;
				CLANG_WARN_BOOL_CONVERSION = YES;
				CLANG_WARN_CONSTANT_CONVERSION = YES;
				CLANG_WARN_DIRECT_OBJC_ISA_USAGE = YES_ERROR;
				CLANG_WARN_EMPTY_BODY = YES;
				CLANG_WARN_ENUM_CONVERSION = YES;
				CLANG_WARN_INT_CONVERSION = YES;
				CLANG_WARN_OBJC_ROOT_CLASS = YES_ERROR;
				CLANG_WARN__DUPLICATE_METHOD_MATCH = YES;
				"CODE_SIGN_IDENTITY[sdk=iphoneos*]" = "iPhone Developer";
				COPY_PHASE_STRIP = NO;
				GCC_C_LANGUAGE_STANDARD = gnu99;
				GCC_DYNAMIC_NO_PIC = NO;
				GCC_OPTIMIZATION_LEVEL = 0;
				GCC_PREPROCESSOR_DEFINITIONS = (
					"DEBUG=1",
					"$(inherited)",
				);
				GCC_SYMBOLS_PRIVATE_EXTERN = NO;
				GCC_WARN_ABOUT_RETURN_TYPE = YES_ERROR;
				GCC_WARN_UNDECLARED_SELECTOR = YES;
				GCC_WARN_UNINITIALIZED_AUTOS = YES;
				GCC_WARN_UNUSED_FUNCTION = YES;
				GCC_WARN_UNUSED_VARIABLE = YES;
				IPHONEOS_DEPLOYMENT_TARGET = 6.1;
				ONLY_ACTIVE_ARCH = YES;
				SDKROOT = iphoneos;
			};
			name = Debug;
		};
		034B528817D487C500D8C5F0 /* Release */ = {
			isa = XCBuildConfiguration;
			buildSettings = {
				ALWAYS_SEARCH_USER_PATHS = NO;
				CLANG_CXX_LANGUAGE_STANDARD = "gnu++0x";
				CLANG_CXX_LIBRARY = "libc++";
				CLANG_ENABLE_MODULES = YES;
				CLANG_ENABLE_OBJC_ARC = YES;
				CLANG_WARN_BOOL_CONVERSION = YES;
				CLANG_WARN_CONSTANT_CONVERSION = YES;
				CLANG_WARN_DIRECT_OBJC_ISA_USAGE = YES_ERROR;
				CLANG_WARN_EMPTY_BODY = YES;
				CLANG_WARN_ENUM_CONVERSION = YES;
				CLANG_WARN_INT_CONVERSION = YES;
				CLANG_WARN_OBJC_ROOT_CLASS = YES_ERROR;
				CLANG_WARN__DUPLICATE_METHOD_MATCH = YES;
				"CODE_SIGN_IDENTITY[sdk=iphoneos*]" = "iPhone Developer";
				COPY_PHASE_STRIP = YES;
				ENABLE_NS_ASSERTIONS = NO;
				GCC_C_LANGUAGE_STANDARD = gnu99;
				GCC_WARN_ABOUT_RETURN_TYPE = YES_ERROR;
				GCC_WARN_UNDECLARED_SELECTOR = YES;
				GCC_WARN_UNINITIALIZED_AUTOS = YES;
				GCC_WARN_UNUSED_FUNCTION = YES;
				GCC_WARN_UNUSED_VARIABLE = YES;
				IPHONEOS_DEPLOYMENT_TARGET = 6.1;
				SDKROOT = iphoneos;
				VALIDATE_PRODUCT = YES;
			};
			name = Release;
		};
		034B528A17D487C500D8C5F0 /* Debug */ = {
			isa = XCBuildConfiguration;
			buildSettings = {
				ASSETCATALOG_COMPILER_APPICON_NAME = AppIcon;
				ASSETCATALOG_COMPILER_LAUNCHIMAGE_NAME = LaunchImage;
				GCC_PRECOMPILE_PREFIX_HEADER = YES;
				GCC_PREFIX_HEADER = "rb-mb-feed/rb-mb-feed-Prefix.pch";
				INFOPLIST_FILE = "rb-mb-feed/rb-mb-feed-Info.plist";
				IPHONEOS_DEPLOYMENT_TARGET = 6.1;
				PRODUCT_NAME = "$(TARGET_NAME)";
				SDKROOT = iphoneos6.1;
				WRAPPER_EXTENSION = app;
			};
			name = Debug;
		};
		034B528B17D487C500D8C5F0 /* Release */ = {
			isa = XCBuildConfiguration;
			buildSettings = {
				ASSETCATALOG_COMPILER_APPICON_NAME = AppIcon;
				ASSETCATALOG_COMPILER_LAUNCHIMAGE_NAME = LaunchImage;
				GCC_PRECOMPILE_PREFIX_HEADER = YES;
				GCC_PREFIX_HEADER = "rb-mb-feed/rb-mb-feed-Prefix.pch";
				INFOPLIST_FILE = "rb-mb-feed/rb-mb-feed-Info.plist";
				IPHONEOS_DEPLOYMENT_TARGET = 6.1;
				PRODUCT_NAME = "$(TARGET_NAME)";
				SDKROOT = iphoneos6.1;
				WRAPPER_EXTENSION = app;
			};
			name = Release;
		};
		034B528D17D487C500D8C5F0 /* Debug */ = {
			isa = XCBuildConfiguration;
			buildSettings = {
				BUNDLE_LOADER = "$(BUILT_PRODUCTS_DIR)/rb-mb-feed.app/rb-mb-feed";
				FRAMEWORK_SEARCH_PATHS = (
					"$(SDKROOT)/Developer/Library/Frameworks",
					"$(inherited)",
					"$(DEVELOPER_FRAMEWORKS_DIR)",
				);
				GCC_PRECOMPILE_PREFIX_HEADER = YES;
				GCC_PREFIX_HEADER = "rb-mb-feed/rb-mb-feed-Prefix.pch";
				GCC_PREPROCESSOR_DEFINITIONS = (
					"DEBUG=1",
					"$(inherited)",
				);
				INFOPLIST_FILE = "rb-mb-feedTests/rb-mb-feedTests-Info.plist";
				PRODUCT_NAME = "$(TARGET_NAME)";
				TEST_HOST = "$(BUNDLE_LOADER)";
				WRAPPER_EXTENSION = xctest;
			};
			name = Debug;
		};
		034B528E17D487C500D8C5F0 /* Release */ = {
			isa = XCBuildConfiguration;
			buildSettings = {
				BUNDLE_LOADER = "$(BUILT_PRODUCTS_DIR)/rb-mb-feed.app/rb-mb-feed";
				FRAMEWORK_SEARCH_PATHS = (
					"$(SDKROOT)/Developer/Library/Frameworks",
					"$(inherited)",
					"$(DEVELOPER_FRAMEWORKS_DIR)",
				);
				GCC_PRECOMPILE_PREFIX_HEADER = YES;
				GCC_PREFIX_HEADER = "rb-mb-feed/rb-mb-feed-Prefix.pch";
				INFOPLIST_FILE = "rb-mb-feedTests/rb-mb-feedTests-Info.plist";
				PRODUCT_NAME = "$(TARGET_NAME)";
				TEST_HOST = "$(BUNDLE_LOADER)";
				WRAPPER_EXTENSION = xctest;
			};
			name = Release;
		};
/* End XCBuildConfiguration section */

/* Begin XCConfigurationList section */
		034B525817D487C500D8C5F0 /* Build configuration list for PBXProject "rb-mb-feed" */ = {
			isa = XCConfigurationList;
			buildConfigurations = (
				034B528717D487C500D8C5F0 /* Debug */,
				034B528817D487C500D8C5F0 /* Release */,
			);
			defaultConfigurationIsVisible = 0;
			defaultConfigurationName = Release;
		};
		034B528917D487C500D8C5F0 /* Build configuration list for PBXNativeTarget "rb-mb-feed" */ = {
			isa = XCConfigurationList;
			buildConfigurations = (
				034B528A17D487C500D8C5F0 /* Debug */,
				034B528B17D487C500D8C5F0 /* Release */,
			);
			defaultConfigurationIsVisible = 0;
			defaultConfigurationName = Release;
		};
		034B528C17D487C500D8C5F0 /* Build configuration list for PBXNativeTarget "rb-mb-feedTests" */ = {
			isa = XCConfigurationList;
			buildConfigurations = (
				034B528D17D487C500D8C5F0 /* Debug */,
				034B528E17D487C500D8C5F0 /* Release */,
			);
			defaultConfigurationIsVisible = 0;
			defaultConfigurationName = Release;
		};
/* End XCConfigurationList section */
	};
	rootObject = 034B525517D487C500D8C5F0 /* Project object */;
}
